// !$*UTF8*$!
{
	archiveVersion = 1;
	classes = {
	};
	objectVersion = 46;
	objects = {

/* Begin PBXAggregateTarget section */
		1DEB50AA17B8F0D0000495AC /* Documentation */ = {
			isa = PBXAggregateTarget;
			buildConfigurationList = 1DEB50AB17B8F0D0000495AC /* Build configuration list for PBXAggregateTarget "Documentation" */;
			buildPhases = (
				1DEB50AE17B8F0D6000495AC /* ShellScript */,
			);
			dependencies = (
			);
			name = Documentation;
			productName = Documentation;
		};
/* End PBXAggregateTarget section */

/* Begin PBXBuildFile section */
		1DB4E0C017B66904002AA933 /* UIKit.framework in Frameworks */ = {isa = PBXBuildFile; fileRef = 1DB4E0BF17B66904002AA933 /* UIKit.framework */; };
		1DB4E0C217B66904002AA933 /* Foundation.framework in Frameworks */ = {isa = PBXBuildFile; fileRef = 1DB4E0C117B66904002AA933 /* Foundation.framework */; };
		1DB4E0C417B66904002AA933 /* CoreGraphics.framework in Frameworks */ = {isa = PBXBuildFile; fileRef = 1DB4E0C317B66904002AA933 /* CoreGraphics.framework */; };
		1DB4E0CA17B66904002AA933 /* InfoPlist.strings in Resources */ = {isa = PBXBuildFile; fileRef = 1DB4E0C817B66904002AA933 /* InfoPlist.strings */; };
		1DB4E0CC17B66904002AA933 /* main.m in Sources */ = {isa = PBXBuildFile; fileRef = 1DB4E0CB17B66904002AA933 /* main.m */; };
		1DB4E0D017B66904002AA933 /* KFAppDelegate.m in Sources */ = {isa = PBXBuildFile; fileRef = 1DB4E0CF17B66904002AA933 /* KFAppDelegate.m */; };
		1DB4E0D217B66904002AA933 /* Default.png in Resources */ = {isa = PBXBuildFile; fileRef = 1DB4E0D117B66904002AA933 /* Default.png */; };
		1DB4E0D417B66904002AA933 /* Default@2x.png in Resources */ = {isa = PBXBuildFile; fileRef = 1DB4E0D317B66904002AA933 /* Default@2x.png */; };
		1DB4E0D617B66904002AA933 /* Default-568h@2x.png in Resources */ = {isa = PBXBuildFile; fileRef = 1DB4E0D517B66904002AA933 /* Default-568h@2x.png */; };
		1DB4E0D917B66904002AA933 /* MainStoryboard.storyboard in Resources */ = {isa = PBXBuildFile; fileRef = 1DB4E0D717B66904002AA933 /* MainStoryboard.storyboard */; };
		1DB4E0DC17B66904002AA933 /* KFViewController.m in Sources */ = {isa = PBXBuildFile; fileRef = 1DB4E0DB17B66904002AA933 /* KFViewController.m */; };
		1DB4E0E517B69DA5002AA933 /* KFOpenWeatherMapAPIClient.m in Sources */ = {isa = PBXBuildFile; fileRef = 1DB4E0E417B69DA5002AA933 /* KFOpenWeatherMapAPIClient.m */; };
		1DB4E0E917B6E125002AA933 /* KFOWMWeatherResponseModel.m in Sources */ = {isa = PBXBuildFile; fileRef = 1DB4E0E817B6E125002AA933 /* KFOWMWeatherResponseModel.m */; };
		1DB4E0ED17B6E3D3002AA933 /* JSONValueTransformer+Timestamp.m in Sources */ = {isa = PBXBuildFile; fileRef = 1DB4E0EC17B6E3D3002AA933 /* JSONValueTransformer+Timestamp.m */; };
		1DB4E0F017B6E5BC002AA933 /* KFOWMMainWeatherModel.m in Sources */ = {isa = PBXBuildFile; fileRef = 1DB4E0EF17B6E5BC002AA933 /* KFOWMMainWeatherModel.m */; };
		1DB4E0F317B6E6D1002AA933 /* KFOWMWindModel.m in Sources */ = {isa = PBXBuildFile; fileRef = 1DB4E0F217B6E6D1002AA933 /* KFOWMWindModel.m */; };
		1DB4E0F617B77EB7002AA933 /* KFOWMWeatherModel.m in Sources */ = {isa = PBXBuildFile; fileRef = 1DB4E0F517B77EB7002AA933 /* KFOWMWeatherModel.m */; };
		1DB4E0F917B782C4002AA933 /* KFOWMSystemModel.m in Sources */ = {isa = PBXBuildFile; fileRef = 1DB4E0F817B782C4002AA933 /* KFOWMSystemModel.m */; };
		1DB4E0FC17B78462002AA933 /* KFOWMCloudModel.m in Sources */ = {isa = PBXBuildFile; fileRef = 1DB4E0FB17B78462002AA933 /* KFOWMCloudModel.m */; };
		1DB4E10217B78CCF002AA933 /* KFOWMCoordinateModel.m in Sources */ = {isa = PBXBuildFile; fileRef = 1DB4E10117B78CCF002AA933 /* KFOWMCoordinateModel.m */; };
		1DB4E10717B79705002AA933 /* KFOWMForecastResponseModel.m in Sources */ = {isa = PBXBuildFile; fileRef = 1DB4E10617B79705002AA933 /* KFOWMForecastResponseModel.m */; };
		1DB4E10A17B79851002AA933 /* KFOWMCityModel.m in Sources */ = {isa = PBXBuildFile; fileRef = 1DB4E10917B79851002AA933 /* KFOWMCityModel.m */; };
		1DB4E10D17B79B90002AA933 /* KFOWMForecastListModel.m in Sources */ = {isa = PBXBuildFile; fileRef = 1DB4E10C17B79B90002AA933 /* KFOWMForecastListModel.m */; };
		1DB4E11317B7B3ED002AA933 /* KFOWMDailyForecastResponseModel.m in Sources */ = {isa = PBXBuildFile; fileRef = 1DB4E11217B7B3EC002AA933 /* KFOWMDailyForecastResponseModel.m */; };
		1DB4E11617B7B46C002AA933 /* KFOWMDailyForecastListModel.m in Sources */ = {isa = PBXBuildFile; fileRef = 1DB4E11517B7B46C002AA933 /* KFOWMDailyForecastListModel.m */; };
		1DB4E11917B7C136002AA933 /* KFOWMForecastTemperatureModel.m in Sources */ = {isa = PBXBuildFile; fileRef = 1DB4E11817B7C135002AA933 /* KFOWMForecastTemperatureModel.m */; };
		1DB4E11C17B8C1F8002AA933 /* KFOWMSearchResponseModel.m in Sources */ = {isa = PBXBuildFile; fileRef = 1DB4E11B17B8C1F8002AA933 /* KFOWMSearchResponseModel.m */; };
		1DDCD7C717BC265300154229 /* KFOWMRainModel.m in Sources */ = {isa = PBXBuildFile; fileRef = 1DDCD7C617BC265300154229 /* KFOWMRainModel.m */; };
		1DDCD80517BD638D00154229 /* Cocoa.framework in Frameworks */ = {isa = PBXBuildFile; fileRef = 1DDCD80417BD638D00154229 /* Cocoa.framework */; };
		1DDCD80F17BD638D00154229 /* InfoPlist.strings in Resources */ = {isa = PBXBuildFile; fileRef = 1DDCD80D17BD638D00154229 /* InfoPlist.strings */; };
		1DDCD81117BD638D00154229 /* main.m in Sources */ = {isa = PBXBuildFile; fileRef = 1DDCD81017BD638D00154229 /* main.m */; };
		1DDCD81517BD638D00154229 /* Credits.rtf in Resources */ = {isa = PBXBuildFile; fileRef = 1DDCD81317BD638D00154229 /* Credits.rtf */; };
		1DDCD81817BD638D00154229 /* KFOSXAppDelegate.m in Sources */ = {isa = PBXBuildFile; fileRef = 1DDCD81717BD638D00154229 /* KFOSXAppDelegate.m */; };
		1DDCD81B17BD638D00154229 /* MainMenu.xib in Resources */ = {isa = PBXBuildFile; fileRef = 1DDCD81917BD638D00154229 /* MainMenu.xib */; };
		1DFA3FD217BD654700A3D8E1 /* KFOpenWeatherMapAPIClient.m in Sources */ = {isa = PBXBuildFile; fileRef = 1DB4E0E417B69DA5002AA933 /* KFOpenWeatherMapAPIClient.m */; };
		1DFA3FD317BD655400A3D8E1 /* JSONValueTransformer+Timestamp.m in Sources */ = {isa = PBXBuildFile; fileRef = 1DB4E0EC17B6E3D3002AA933 /* JSONValueTransformer+Timestamp.m */; };
		1DFA3FD417BD655C00A3D8E1 /* KFOWMDailyForecastResponseModel.m in Sources */ = {isa = PBXBuildFile; fileRef = 1DB4E11217B7B3EC002AA933 /* KFOWMDailyForecastResponseModel.m */; };
		1DFA3FD517BD655C00A3D8E1 /* KFOWMForecastResponseModel.m in Sources */ = {isa = PBXBuildFile; fileRef = 1DB4E10617B79705002AA933 /* KFOWMForecastResponseModel.m */; };
		1DFA3FD617BD655C00A3D8E1 /* KFOWMWeatherResponseModel.m in Sources */ = {isa = PBXBuildFile; fileRef = 1DB4E0E817B6E125002AA933 /* KFOWMWeatherResponseModel.m */; };
		1DFA3FD717BD655C00A3D8E1 /* KFOWMSearchResponseModel.m in Sources */ = {isa = PBXBuildFile; fileRef = 1DB4E11B17B8C1F8002AA933 /* KFOWMSearchResponseModel.m */; };
		1DFA3FD817BD656D00A3D8E1 /* KFOWMCityModel.m in Sources */ = {isa = PBXBuildFile; fileRef = 1DB4E10917B79851002AA933 /* KFOWMCityModel.m */; };
		1DFA3FD917BD656D00A3D8E1 /* KFOWMCloudModel.m in Sources */ = {isa = PBXBuildFile; fileRef = 1DB4E0FB17B78462002AA933 /* KFOWMCloudModel.m */; };
		1DFA3FDA17BD656D00A3D8E1 /* KFOWMCoordinateModel.m in Sources */ = {isa = PBXBuildFile; fileRef = 1DB4E10117B78CCF002AA933 /* KFOWMCoordinateModel.m */; };
		1DFA3FDB17BD656D00A3D8E1 /* KFOWMDailyForecastListModel.m in Sources */ = {isa = PBXBuildFile; fileRef = 1DB4E11517B7B46C002AA933 /* KFOWMDailyForecastListModel.m */; };
		1DFA3FDC17BD656D00A3D8E1 /* KFOWMForecastListModel.m in Sources */ = {isa = PBXBuildFile; fileRef = 1DB4E10C17B79B90002AA933 /* KFOWMForecastListModel.m */; };
		1DFA3FDD17BD656D00A3D8E1 /* KFOWMForecastTemperatureModel.m in Sources */ = {isa = PBXBuildFile; fileRef = 1DB4E11817B7C135002AA933 /* KFOWMForecastTemperatureModel.m */; };
		1DFA3FDE17BD656D00A3D8E1 /* KFOWMMainWeatherModel.m in Sources */ = {isa = PBXBuildFile; fileRef = 1DB4E0EF17B6E5BC002AA933 /* KFOWMMainWeatherModel.m */; };
		1DFA3FDF17BD656D00A3D8E1 /* KFOWMRainModel.m in Sources */ = {isa = PBXBuildFile; fileRef = 1DDCD7C617BC265300154229 /* KFOWMRainModel.m */; };
		1DFA3FE017BD656D00A3D8E1 /* KFOWMSystemModel.m in Sources */ = {isa = PBXBuildFile; fileRef = 1DB4E0F817B782C4002AA933 /* KFOWMSystemModel.m */; };
		1DFA3FE117BD656D00A3D8E1 /* KFOWMWeatherModel.m in Sources */ = {isa = PBXBuildFile; fileRef = 1DB4E0F517B77EB7002AA933 /* KFOWMWeatherModel.m */; };
		1DFA3FE217BD656D00A3D8E1 /* KFOWMWindModel.m in Sources */ = {isa = PBXBuildFile; fileRef = 1DB4E0F217B6E6D1002AA933 /* KFOWMWindModel.m */; };
		8EC750D346B24D308750A730 /* libPods-KFOpenWeatherMapAPI.a in Frameworks */ = {isa = PBXBuildFile; fileRef = 00B61748A61741669389A15A /* libPods-KFOpenWeatherMapAPI.a */; };
		E721979DDB3C4219A3DAE3A9 /* libPods-OSXExample.a in Frameworks */ = {isa = PBXBuildFile; fileRef = 6997928956894DF1B51BAE98 /* libPods-OSXExample.a */; };
/* End PBXBuildFile section */

/* Begin PBXFileReference section */
		00B61748A61741669389A15A /* libPods-KFOpenWeatherMapAPI.a */ = {isa = PBXFileReference; explicitFileType = archive.ar; includeInIndex = 0; path = "libPods-KFOpenWeatherMapAPI.a"; sourceTree = BUILT_PRODUCTS_DIR; };
		0B2CC2DF8A7348C7BE79A933 /* libPods.a */ = {isa = PBXFileReference; explicitFileType = archive.ar; includeInIndex = 0; path = libPods.a; sourceTree = BUILT_PRODUCTS_DIR; };
		1DB4E0BC17B66904002AA933 /* KFOpenWeatherMapAPI.app */ = {isa = PBXFileReference; explicitFileType = wrapper.application; includeInIndex = 0; path = KFOpenWeatherMapAPI.app; sourceTree = BUILT_PRODUCTS_DIR; };
		1DB4E0BF17B66904002AA933 /* UIKit.framework */ = {isa = PBXFileReference; lastKnownFileType = wrapper.framework; name = UIKit.framework; path = System/Library/Frameworks/UIKit.framework; sourceTree = SDKROOT; };
		1DB4E0C117B66904002AA933 /* Foundation.framework */ = {isa = PBXFileReference; lastKnownFileType = wrapper.framework; name = Foundation.framework; path = System/Library/Frameworks/Foundation.framework; sourceTree = SDKROOT; };
		1DB4E0C317B66904002AA933 /* CoreGraphics.framework */ = {isa = PBXFileReference; lastKnownFileType = wrapper.framework; name = CoreGraphics.framework; path = System/Library/Frameworks/CoreGraphics.framework; sourceTree = SDKROOT; };
		1DB4E0C717B66904002AA933 /* KFOpenWeatherMapAPI-Info.plist */ = {isa = PBXFileReference; lastKnownFileType = text.plist.xml; path = "KFOpenWeatherMapAPI-Info.plist"; sourceTree = "<group>"; };
		1DB4E0C917B66904002AA933 /* en */ = {isa = PBXFileReference; lastKnownFileType = text.plist.strings; name = en; path = en.lproj/InfoPlist.strings; sourceTree = "<group>"; };
		1DB4E0CB17B66904002AA933 /* main.m */ = {isa = PBXFileReference; lastKnownFileType = sourcecode.c.objc; path = main.m; sourceTree = "<group>"; };
		1DB4E0CD17B66904002AA933 /* KFOpenWeatherMapAPI-Prefix.pch */ = {isa = PBXFileReference; lastKnownFileType = sourcecode.c.h; path = "KFOpenWeatherMapAPI-Prefix.pch"; sourceTree = "<group>"; };
		1DB4E0CE17B66904002AA933 /* KFAppDelegate.h */ = {isa = PBXFileReference; lastKnownFileType = sourcecode.c.h; path = KFAppDelegate.h; sourceTree = "<group>"; };
		1DB4E0CF17B66904002AA933 /* KFAppDelegate.m */ = {isa = PBXFileReference; lastKnownFileType = sourcecode.c.objc; path = KFAppDelegate.m; sourceTree = "<group>"; };
		1DB4E0D117B66904002AA933 /* Default.png */ = {isa = PBXFileReference; lastKnownFileType = image.png; path = Default.png; sourceTree = "<group>"; };
		1DB4E0D317B66904002AA933 /* Default@2x.png */ = {isa = PBXFileReference; lastKnownFileType = image.png; path = "Default@2x.png"; sourceTree = "<group>"; };
		1DB4E0D517B66904002AA933 /* Default-568h@2x.png */ = {isa = PBXFileReference; lastKnownFileType = image.png; path = "Default-568h@2x.png"; sourceTree = "<group>"; };
		1DB4E0D817B66904002AA933 /* en */ = {isa = PBXFileReference; lastKnownFileType = file.storyboard; name = en; path = en.lproj/MainStoryboard.storyboard; sourceTree = "<group>"; };
		1DB4E0DA17B66904002AA933 /* KFViewController.h */ = {isa = PBXFileReference; lastKnownFileType = sourcecode.c.h; path = KFViewController.h; sourceTree = "<group>"; };
		1DB4E0DB17B66904002AA933 /* KFViewController.m */ = {isa = PBXFileReference; lastKnownFileType = sourcecode.c.objc; path = KFViewController.m; sourceTree = "<group>"; };
		1DB4E0E317B69DA5002AA933 /* KFOpenWeatherMapAPIClient.h */ = {isa = PBXFileReference; fileEncoding = 4; lastKnownFileType = sourcecode.c.h; path = KFOpenWeatherMapAPIClient.h; sourceTree = "<group>"; };
		1DB4E0E417B69DA5002AA933 /* KFOpenWeatherMapAPIClient.m */ = {isa = PBXFileReference; fileEncoding = 4; lastKnownFileType = sourcecode.c.objc; path = KFOpenWeatherMapAPIClient.m; sourceTree = "<group>"; };
		1DB4E0E717B6E125002AA933 /* KFOWMWeatherResponseModel.h */ = {isa = PBXFileReference; fileEncoding = 4; lastKnownFileType = sourcecode.c.h; path = KFOWMWeatherResponseModel.h; sourceTree = "<group>"; };
		1DB4E0E817B6E125002AA933 /* KFOWMWeatherResponseModel.m */ = {isa = PBXFileReference; fileEncoding = 4; lastKnownFileType = sourcecode.c.objc; path = KFOWMWeatherResponseModel.m; sourceTree = "<group>"; };
		1DB4E0EB17B6E3D3002AA933 /* JSONValueTransformer+Timestamp.h */ = {isa = PBXFileReference; fileEncoding = 4; lastKnownFileType = sourcecode.c.h; path = "JSONValueTransformer+Timestamp.h"; sourceTree = "<group>"; };
		1DB4E0EC17B6E3D3002AA933 /* JSONValueTransformer+Timestamp.m */ = {isa = PBXFileReference; fileEncoding = 4; lastKnownFileType = sourcecode.c.objc; path = "JSONValueTransformer+Timestamp.m"; sourceTree = "<group>"; };
		1DB4E0EE17B6E5BC002AA933 /* KFOWMMainWeatherModel.h */ = {isa = PBXFileReference; fileEncoding = 4; lastKnownFileType = sourcecode.c.h; path = KFOWMMainWeatherModel.h; sourceTree = "<group>"; };
		1DB4E0EF17B6E5BC002AA933 /* KFOWMMainWeatherModel.m */ = {isa = PBXFileReference; fileEncoding = 4; lastKnownFileType = sourcecode.c.objc; path = KFOWMMainWeatherModel.m; sourceTree = "<group>"; };
		1DB4E0F117B6E6D1002AA933 /* KFOWMWindModel.h */ = {isa = PBXFileReference; fileEncoding = 4; lastKnownFileType = sourcecode.c.h; path = KFOWMWindModel.h; sourceTree = "<group>"; };
		1DB4E0F217B6E6D1002AA933 /* KFOWMWindModel.m */ = {isa = PBXFileReference; fileEncoding = 4; lastKnownFileType = sourcecode.c.objc; path = KFOWMWindModel.m; sourceTree = "<group>"; };
		1DB4E0F417B77EB7002AA933 /* KFOWMWeatherModel.h */ = {isa = PBXFileReference; fileEncoding = 4; lastKnownFileType = sourcecode.c.h; path = KFOWMWeatherModel.h; sourceTree = "<group>"; };
		1DB4E0F517B77EB7002AA933 /* KFOWMWeatherModel.m */ = {isa = PBXFileReference; fileEncoding = 4; lastKnownFileType = sourcecode.c.objc; path = KFOWMWeatherModel.m; sourceTree = "<group>"; };
		1DB4E0F717B782C4002AA933 /* KFOWMSystemModel.h */ = {isa = PBXFileReference; fileEncoding = 4; lastKnownFileType = sourcecode.c.h; path = KFOWMSystemModel.h; sourceTree = "<group>"; };
		1DB4E0F817B782C4002AA933 /* KFOWMSystemModel.m */ = {isa = PBXFileReference; fileEncoding = 4; lastKnownFileType = sourcecode.c.objc; path = KFOWMSystemModel.m; sourceTree = "<group>"; };
		1DB4E0FA17B78462002AA933 /* KFOWMCloudModel.h */ = {isa = PBXFileReference; fileEncoding = 4; lastKnownFileType = sourcecode.c.h; path = KFOWMCloudModel.h; sourceTree = "<group>"; };
		1DB4E0FB17B78462002AA933 /* KFOWMCloudModel.m */ = {isa = PBXFileReference; fileEncoding = 4; lastKnownFileType = sourcecode.c.objc; path = KFOWMCloudModel.m; sourceTree = "<group>"; };
		1DB4E10017B78CCF002AA933 /* KFOWMCoordinateModel.h */ = {isa = PBXFileReference; fileEncoding = 4; lastKnownFileType = sourcecode.c.h; path = KFOWMCoordinateModel.h; sourceTree = "<group>"; };
		1DB4E10117B78CCF002AA933 /* KFOWMCoordinateModel.m */ = {isa = PBXFileReference; fileEncoding = 4; lastKnownFileType = sourcecode.c.objc; path = KFOWMCoordinateModel.m; sourceTree = "<group>"; };
		1DB4E10517B79705002AA933 /* KFOWMForecastResponseModel.h */ = {isa = PBXFileReference; fileEncoding = 4; lastKnownFileType = sourcecode.c.h; path = KFOWMForecastResponseModel.h; sourceTree = "<group>"; };
		1DB4E10617B79705002AA933 /* KFOWMForecastResponseModel.m */ = {isa = PBXFileReference; fileEncoding = 4; lastKnownFileType = sourcecode.c.objc; path = KFOWMForecastResponseModel.m; sourceTree = "<group>"; };
		1DB4E10817B79851002AA933 /* KFOWMCityModel.h */ = {isa = PBXFileReference; fileEncoding = 4; lastKnownFileType = sourcecode.c.h; path = KFOWMCityModel.h; sourceTree = "<group>"; };
		1DB4E10917B79851002AA933 /* KFOWMCityModel.m */ = {isa = PBXFileReference; fileEncoding = 4; lastKnownFileType = sourcecode.c.objc; path = KFOWMCityModel.m; sourceTree = "<group>"; };
		1DB4E10B17B79B90002AA933 /* KFOWMForecastListModel.h */ = {isa = PBXFileReference; fileEncoding = 4; lastKnownFileType = sourcecode.c.h; path = KFOWMForecastListModel.h; sourceTree = "<group>"; };
		1DB4E10C17B79B90002AA933 /* KFOWMForecastListModel.m */ = {isa = PBXFileReference; fileEncoding = 4; lastKnownFileType = sourcecode.c.objc; path = KFOWMForecastListModel.m; sourceTree = "<group>"; };
		1DB4E11117B7B3EC002AA933 /* KFOWMDailyForecastResponseModel.h */ = {isa = PBXFileReference; fileEncoding = 4; lastKnownFileType = sourcecode.c.h; path = KFOWMDailyForecastResponseModel.h; sourceTree = "<group>"; };
		1DB4E11217B7B3EC002AA933 /* KFOWMDailyForecastResponseModel.m */ = {isa = PBXFileReference; fileEncoding = 4; lastKnownFileType = sourcecode.c.objc; path = KFOWMDailyForecastResponseModel.m; sourceTree = "<group>"; };
		1DB4E11417B7B46C002AA933 /* KFOWMDailyForecastListModel.h */ = {isa = PBXFileReference; fileEncoding = 4; lastKnownFileType = sourcecode.c.h; path = KFOWMDailyForecastListModel.h; sourceTree = "<group>"; };
		1DB4E11517B7B46C002AA933 /* KFOWMDailyForecastListModel.m */ = {isa = PBXFileReference; fileEncoding = 4; lastKnownFileType = sourcecode.c.objc; path = KFOWMDailyForecastListModel.m; sourceTree = "<group>"; };
		1DB4E11717B7C134002AA933 /* KFOWMForecastTemperatureModel.h */ = {isa = PBXFileReference; fileEncoding = 4; lastKnownFileType = sourcecode.c.h; path = KFOWMForecastTemperatureModel.h; sourceTree = "<group>"; };
		1DB4E11817B7C135002AA933 /* KFOWMForecastTemperatureModel.m */ = {isa = PBXFileReference; fileEncoding = 4; lastKnownFileType = sourcecode.c.objc; path = KFOWMForecastTemperatureModel.m; sourceTree = "<group>"; };
		1DB4E11A17B8C1F8002AA933 /* KFOWMSearchResponseModel.h */ = {isa = PBXFileReference; fileEncoding = 4; lastKnownFileType = sourcecode.c.h; path = KFOWMSearchResponseModel.h; sourceTree = "<group>"; };
		1DB4E11B17B8C1F8002AA933 /* KFOWMSearchResponseModel.m */ = {isa = PBXFileReference; fileEncoding = 4; lastKnownFileType = sourcecode.c.objc; path = KFOWMSearchResponseModel.m; sourceTree = "<group>"; };
		1DDCD7C517BC265300154229 /* KFOWMRainModel.h */ = {isa = PBXFileReference; fileEncoding = 4; lastKnownFileType = sourcecode.c.h; path = KFOWMRainModel.h; sourceTree = "<group>"; };
		1DDCD7C617BC265300154229 /* KFOWMRainModel.m */ = {isa = PBXFileReference; fileEncoding = 4; lastKnownFileType = sourcecode.c.objc; path = KFOWMRainModel.m; sourceTree = "<group>"; };
		1DDCD80317BD638D00154229 /* OSXExample.app */ = {isa = PBXFileReference; explicitFileType = wrapper.application; includeInIndex = 0; path = OSXExample.app; sourceTree = BUILT_PRODUCTS_DIR; };
		1DDCD80417BD638D00154229 /* Cocoa.framework */ = {isa = PBXFileReference; lastKnownFileType = wrapper.framework; name = Cocoa.framework; path = Library/Frameworks/Cocoa.framework; sourceTree = DEVELOPER_DIR; };
		1DDCD80717BD638D00154229 /* AppKit.framework */ = {isa = PBXFileReference; lastKnownFileType = wrapper.framework; name = AppKit.framework; path = Library/Frameworks/AppKit.framework; sourceTree = SDKROOT; };
		1DDCD80817BD638D00154229 /* CoreData.framework */ = {isa = PBXFileReference; lastKnownFileType = wrapper.framework; name = CoreData.framework; path = Library/Frameworks/CoreData.framework; sourceTree = SDKROOT; };
		1DDCD80917BD638D00154229 /* Foundation.framework */ = {isa = PBXFileReference; lastKnownFileType = wrapper.framework; name = Foundation.framework; path = Library/Frameworks/Foundation.framework; sourceTree = SDKROOT; };
		1DDCD80C17BD638D00154229 /* OSXExample-Info.plist */ = {isa = PBXFileReference; lastKnownFileType = text.plist.xml; path = "OSXExample-Info.plist"; sourceTree = "<group>"; };
		1DDCD80E17BD638D00154229 /* en */ = {isa = PBXFileReference; lastKnownFileType = text.plist.strings; name = en; path = en.lproj/InfoPlist.strings; sourceTree = "<group>"; };
		1DDCD81017BD638D00154229 /* main.m */ = {isa = PBXFileReference; lastKnownFileType = sourcecode.c.objc; path = main.m; sourceTree = "<group>"; };
		1DDCD81217BD638D00154229 /* OSXExample-Prefix.pch */ = {isa = PBXFileReference; lastKnownFileType = sourcecode.c.h; path = "OSXExample-Prefix.pch"; sourceTree = "<group>"; };
		1DDCD81417BD638D00154229 /* en */ = {isa = PBXFileReference; lastKnownFileType = text.rtf; name = en; path = en.lproj/Credits.rtf; sourceTree = "<group>"; };
		1DDCD81617BD638D00154229 /* KFOSXAppDelegate.h */ = {isa = PBXFileReference; lastKnownFileType = sourcecode.c.h; path = KFOSXAppDelegate.h; sourceTree = "<group>"; };
		1DDCD81717BD638D00154229 /* KFOSXAppDelegate.m */ = {isa = PBXFileReference; lastKnownFileType = sourcecode.c.objc; path = KFOSXAppDelegate.m; sourceTree = "<group>"; };
		1DDCD81A17BD638D00154229 /* en */ = {isa = PBXFileReference; lastKnownFileType = file.xib; name = en; path = en.lproj/MainMenu.xib; sourceTree = "<group>"; };
		6997928956894DF1B51BAE98 /* libPods-OSXExample.a */ = {isa = PBXFileReference; explicitFileType = archive.ar; includeInIndex = 0; path = "libPods-OSXExample.a"; sourceTree = BUILT_PRODUCTS_DIR; };
		8E21B307C2664679BF1118BC /* Pods.xcconfig */ = {isa = PBXFileReference; includeInIndex = 1; lastKnownFileType = text.xcconfig; name = Pods.xcconfig; path = Pods/Pods.xcconfig; sourceTree = SOURCE_ROOT; };
		B1478C8936CD49C4BA4D66FF /* Pods-KFOpenWeatherMapAPI.xcconfig */ = {isa = PBXFileReference; includeInIndex = 1; lastKnownFileType = text.xcconfig; name = "Pods-KFOpenWeatherMapAPI.xcconfig"; path = "Pods/Pods-KFOpenWeatherMapAPI.xcconfig"; sourceTree = SOURCE_ROOT; };
		B96B43EDEAA14DFAA1D74AC4 /* Pods-OSXExample.xcconfig */ = {isa = PBXFileReference; includeInIndex = 1; lastKnownFileType = text.xcconfig; name = "Pods-OSXExample.xcconfig"; path = "Pods/Pods-OSXExample.xcconfig"; sourceTree = SOURCE_ROOT; };
/* End PBXFileReference section */

/* Begin PBXFrameworksBuildPhase section */
		1DB4E0B917B66904002AA933 /* Frameworks */ = {
			isa = PBXFrameworksBuildPhase;
			buildActionMask = 2147483647;
			files = (
				1DB4E0C017B66904002AA933 /* UIKit.framework in Frameworks */,
				1DB4E0C217B66904002AA933 /* Foundation.framework in Frameworks */,
				1DB4E0C417B66904002AA933 /* CoreGraphics.framework in Frameworks */,
				8EC750D346B24D308750A730 /* libPods-KFOpenWeatherMapAPI.a in Frameworks */,
			);
			runOnlyForDeploymentPostprocessing = 0;
		};
		1DDCD80017BD638D00154229 /* Frameworks */ = {
			isa = PBXFrameworksBuildPhase;
			buildActionMask = 2147483647;
			files = (
				1DDCD80517BD638D00154229 /* Cocoa.framework in Frameworks */,
				E721979DDB3C4219A3DAE3A9 /* libPods-OSXExample.a in Frameworks */,
			);
			runOnlyForDeploymentPostprocessing = 0;
		};
/* End PBXFrameworksBuildPhase section */

/* Begin PBXGroup section */
		1DB4E0B317B66904002AA933 = {
			isa = PBXGroup;
			children = (
				1DB4E0C517B66904002AA933 /* KFOpenWeatherMapAPI */,
				1DDCD80A17BD638D00154229 /* OSXExample */,
				1DB4E0BE17B66904002AA933 /* Frameworks */,
				1DB4E0BD17B66904002AA933 /* Products */,
				8E21B307C2664679BF1118BC /* Pods.xcconfig */,
				B1478C8936CD49C4BA4D66FF /* Pods-KFOpenWeatherMapAPI.xcconfig */,
				B96B43EDEAA14DFAA1D74AC4 /* Pods-OSXExample.xcconfig */,
			);
			sourceTree = "<group>";
		};
		1DB4E0BD17B66904002AA933 /* Products */ = {
			isa = PBXGroup;
			children = (
				1DB4E0BC17B66904002AA933 /* KFOpenWeatherMapAPI.app */,
				1DDCD80317BD638D00154229 /* OSXExample.app */,
			);
			name = Products;
			sourceTree = "<group>";
		};
		1DB4E0BE17B66904002AA933 /* Frameworks */ = {
			isa = PBXGroup;
			children = (
				1DB4E0BF17B66904002AA933 /* UIKit.framework */,
				1DB4E0C117B66904002AA933 /* Foundation.framework */,
				1DB4E0C317B66904002AA933 /* CoreGraphics.framework */,
				0B2CC2DF8A7348C7BE79A933 /* libPods.a */,
				1DDCD80417BD638D00154229 /* Cocoa.framework */,
				1DDCD80617BD638D00154229 /* Other Frameworks */,
				00B61748A61741669389A15A /* libPods-KFOpenWeatherMapAPI.a */,
				6997928956894DF1B51BAE98 /* libPods-OSXExample.a */,
			);
			name = Frameworks;
			sourceTree = "<group>";
		};
		1DB4E0C517B66904002AA933 /* KFOpenWeatherMapAPI */ = {
			isa = PBXGroup;
			children = (
				1DB4E0CE17B66904002AA933 /* KFAppDelegate.h */,
				1DB4E0CF17B66904002AA933 /* KFAppDelegate.m */,
				1DB4E0D717B66904002AA933 /* MainStoryboard.storyboard */,
				1DB4E0DA17B66904002AA933 /* KFViewController.h */,
				1DB4E0DB17B66904002AA933 /* KFViewController.m */,
				1DB4E0E217B69D77002AA933 /* Source */,
				1DB4E0C617B66904002AA933 /* Supporting Files */,
			);
			path = KFOpenWeatherMapAPI;
			sourceTree = "<group>";
		};
		1DB4E0C617B66904002AA933 /* Supporting Files */ = {
			isa = PBXGroup;
			children = (
				1DB4E0C717B66904002AA933 /* KFOpenWeatherMapAPI-Info.plist */,
				1DB4E0C817B66904002AA933 /* InfoPlist.strings */,
				1DB4E0CB17B66904002AA933 /* main.m */,
				1DB4E0CD17B66904002AA933 /* KFOpenWeatherMapAPI-Prefix.pch */,
				1DB4E0D117B66904002AA933 /* Default.png */,
				1DB4E0D317B66904002AA933 /* Default@2x.png */,
				1DB4E0D517B66904002AA933 /* Default-568h@2x.png */,
			);
			name = "Supporting Files";
			sourceTree = "<group>";
		};
		1DB4E0E217B69D77002AA933 /* Source */ = {
			isa = PBXGroup;
			children = (
				1DB4E0E317B69DA5002AA933 /* KFOpenWeatherMapAPIClient.h */,
				1DB4E0E417B69DA5002AA933 /* KFOpenWeatherMapAPIClient.m */,
				1DB4E0EA17B6E3BD002AA933 /* Categories */,
				1DB4E0E617B6DFE4002AA933 /* Models */,
			);
			path = Source;
			sourceTree = "<group>";
		};
		1DB4E0E617B6DFE4002AA933 /* Models */ = {
			isa = PBXGroup;
			children = (
				1DB4E10317B796B2002AA933 /* Resource Responses */,
				1DB4E10417B796DF002AA933 /* Submodels */,
			);
			path = Models;
			sourceTree = "<group>";
		};
		1DB4E0EA17B6E3BD002AA933 /* Categories */ = {
			isa = PBXGroup;
			children = (
				1DB4E0EB17B6E3D3002AA933 /* JSONValueTransformer+Timestamp.h */,
				1DB4E0EC17B6E3D3002AA933 /* JSONValueTransformer+Timestamp.m */,
			);
			path = Categories;
			sourceTree = "<group>";
		};
		1DB4E10317B796B2002AA933 /* Resource Responses */ = {
			isa = PBXGroup;
			children = (
				1DB4E11117B7B3EC002AA933 /* KFOWMDailyForecastResponseModel.h */,
				1DB4E11217B7B3EC002AA933 /* KFOWMDailyForecastResponseModel.m */,
				1DB4E10517B79705002AA933 /* KFOWMForecastResponseModel.h */,
				1DB4E10617B79705002AA933 /* KFOWMForecastResponseModel.m */,
				1DB4E0E717B6E125002AA933 /* KFOWMWeatherResponseModel.h */,
				1DB4E0E817B6E125002AA933 /* KFOWMWeatherResponseModel.m */,
				1DB4E11A17B8C1F8002AA933 /* KFOWMSearchResponseModel.h */,
				1DB4E11B17B8C1F8002AA933 /* KFOWMSearchResponseModel.m */,
			);
			name = "Resource Responses";
			sourceTree = "<group>";
		};
		1DB4E10417B796DF002AA933 /* Submodels */ = {
			isa = PBXGroup;
			children = (
				1DB4E10817B79851002AA933 /* KFOWMCityModel.h */,
				1DB4E10917B79851002AA933 /* KFOWMCityModel.m */,
				1DB4E0FA17B78462002AA933 /* KFOWMCloudModel.h */,
				1DB4E0FB17B78462002AA933 /* KFOWMCloudModel.m */,
				1DB4E10017B78CCF002AA933 /* KFOWMCoordinateModel.h */,
				1DB4E10117B78CCF002AA933 /* KFOWMCoordinateModel.m */,
				1DB4E11417B7B46C002AA933 /* KFOWMDailyForecastListModel.h */,
				1DB4E11517B7B46C002AA933 /* KFOWMDailyForecastListModel.m */,
				1DB4E10B17B79B90002AA933 /* KFOWMForecastListModel.h */,
				1DB4E10C17B79B90002AA933 /* KFOWMForecastListModel.m */,
				1DB4E11717B7C134002AA933 /* KFOWMForecastTemperatureModel.h */,
				1DB4E11817B7C135002AA933 /* KFOWMForecastTemperatureModel.m */,
				1DB4E0EE17B6E5BC002AA933 /* KFOWMMainWeatherModel.h */,
				1DB4E0EF17B6E5BC002AA933 /* KFOWMMainWeatherModel.m */,
				1DDCD7C517BC265300154229 /* KFOWMRainModel.h */,
				1DDCD7C617BC265300154229 /* KFOWMRainModel.m */,
				1DB4E0F717B782C4002AA933 /* KFOWMSystemModel.h */,
				1DB4E0F817B782C4002AA933 /* KFOWMSystemModel.m */,
				1DB4E0F417B77EB7002AA933 /* KFOWMWeatherModel.h */,
				1DB4E0F517B77EB7002AA933 /* KFOWMWeatherModel.m */,
				1DB4E0F117B6E6D1002AA933 /* KFOWMWindModel.h */,
				1DB4E0F217B6E6D1002AA933 /* KFOWMWindModel.m */,
			);
			name = Submodels;
			sourceTree = "<group>";
		};
		1DDCD80617BD638D00154229 /* Other Frameworks */ = {
			isa = PBXGroup;
			children = (
				1DDCD80717BD638D00154229 /* AppKit.framework */,
				1DDCD80817BD638D00154229 /* CoreData.framework */,
				1DDCD80917BD638D00154229 /* Foundation.framework */,
			);
			name = "Other Frameworks";
			sourceTree = "<group>";
		};
		1DDCD80A17BD638D00154229 /* OSXExample */ = {
			isa = PBXGroup;
			children = (
				1DDCD81617BD638D00154229 /* KFOSXAppDelegate.h */,
				1DDCD81717BD638D00154229 /* KFOSXAppDelegate.m */,
				1DDCD81917BD638D00154229 /* MainMenu.xib */,
				1DDCD80B17BD638D00154229 /* Supporting Files */,
			);
			path = OSXExample;
			sourceTree = "<group>";
		};
		1DDCD80B17BD638D00154229 /* Supporting Files */ = {
			isa = PBXGroup;
			children = (
				1DDCD80C17BD638D00154229 /* OSXExample-Info.plist */,
				1DDCD80D17BD638D00154229 /* InfoPlist.strings */,
				1DDCD81017BD638D00154229 /* main.m */,
				1DDCD81217BD638D00154229 /* OSXExample-Prefix.pch */,
				1DDCD81317BD638D00154229 /* Credits.rtf */,
			);
			name = "Supporting Files";
			sourceTree = "<group>";
		};
/* End PBXGroup section */

/* Begin PBXNativeTarget section */
		1DB4E0BB17B66904002AA933 /* KFOpenWeatherMapAPI */ = {
			isa = PBXNativeTarget;
			buildConfigurationList = 1DB4E0DF17B66904002AA933 /* Build configuration list for PBXNativeTarget "KFOpenWeatherMapAPI" */;
			buildPhases = (
				9B84F438689843838BF0921F /* Check Pods Manifest.lock */,
				1DB4E0B817B66904002AA933 /* Sources */,
				1DB4E0B917B66904002AA933 /* Frameworks */,
				1DB4E0BA17B66904002AA933 /* Resources */,
				E1D99A861D984E0AA4888EEB /* Copy Pods Resources */,
			);
			buildRules = (
			);
			dependencies = (
			);
			name = KFOpenWeatherMapAPI;
			productName = KFOpenWeatherMapAPI;
			productReference = 1DB4E0BC17B66904002AA933 /* KFOpenWeatherMapAPI.app */;
			productType = "com.apple.product-type.application";
		};
		1DDCD80217BD638D00154229 /* OSXExample */ = {
			isa = PBXNativeTarget;
			buildConfigurationList = 1DDCD81E17BD638D00154229 /* Build configuration list for PBXNativeTarget "OSXExample" */;
			buildPhases = (
				386E4F29B04A433E93F56351 /* Check Pods Manifest.lock */,
				1DDCD7FF17BD638D00154229 /* Sources */,
				1DDCD80017BD638D00154229 /* Frameworks */,
				1DDCD80117BD638D00154229 /* Resources */,
				BBD099DB33244D5EAF8BEACD /* Copy Pods Resources */,
			);
			buildRules = (
			);
			dependencies = (
			);
			name = OSXExample;
			productName = OSXExample;
			productReference = 1DDCD80317BD638D00154229 /* OSXExample.app */;
			productType = "com.apple.product-type.application";
		};
/* End PBXNativeTarget section */

/* Begin PBXProject section */
		1DB4E0B417B66904002AA933 /* Project object */ = {
			isa = PBXProject;
			attributes = {
				CLASSPREFIX = KF;
				LastUpgradeCheck = 0460;
				ORGANIZATIONNAME = "KF Interactive";
			};
			buildConfigurationList = 1DB4E0B717B66904002AA933 /* Build configuration list for PBXProject "KFOpenWeatherMapAPI" */;
			compatibilityVersion = "Xcode 3.2";
			developmentRegion = English;
			hasScannedForEncodings = 0;
			knownRegions = (
				en,
			);
			mainGroup = 1DB4E0B317B66904002AA933;
			productRefGroup = 1DB4E0BD17B66904002AA933 /* Products */;
			projectDirPath = "";
			projectRoot = "";
			targets = (
				1DB4E0BB17B66904002AA933 /* KFOpenWeatherMapAPI */,
				1DEB50AA17B8F0D0000495AC /* Documentation */,
				1DDCD80217BD638D00154229 /* OSXExample */,
			);
		};
/* End PBXProject section */

/* Begin PBXResourcesBuildPhase section */
		1DB4E0BA17B66904002AA933 /* Resources */ = {
			isa = PBXResourcesBuildPhase;
			buildActionMask = 2147483647;
			files = (
				1DB4E0CA17B66904002AA933 /* InfoPlist.strings in Resources */,
				1DB4E0D217B66904002AA933 /* Default.png in Resources */,
				1DB4E0D417B66904002AA933 /* Default@2x.png in Resources */,
				1DB4E0D617B66904002AA933 /* Default-568h@2x.png in Resources */,
				1DB4E0D917B66904002AA933 /* MainStoryboard.storyboard in Resources */,
			);
			runOnlyForDeploymentPostprocessing = 0;
		};
		1DDCD80117BD638D00154229 /* Resources */ = {
			isa = PBXResourcesBuildPhase;
			buildActionMask = 2147483647;
			files = (
				1DDCD80F17BD638D00154229 /* InfoPlist.strings in Resources */,
				1DDCD81517BD638D00154229 /* Credits.rtf in Resources */,
				1DDCD81B17BD638D00154229 /* MainMenu.xib in Resources */,
			);
			runOnlyForDeploymentPostprocessing = 0;
		};
/* End PBXResourcesBuildPhase section */

/* Begin PBXShellScriptBuildPhase section */
		1DEB50AE17B8F0D6000495AC /* ShellScript */ = {
			isa = PBXShellScriptBuildPhase;
			buildActionMask = 2147483647;
			files = (
			);
			inputPaths = (
			);
			outputPaths = (
			);
			runOnlyForDeploymentPostprocessing = 0;
			shellPath = /bin/sh;
			shellScript = "/usr/local/bin/appledoc \\\n--project-name \"KFOpenWeatherMapAPI\" \\\n--project-company \"KF Interactive\" \\\n--company-id \"com.kfinteractive\" \\\n--docset-atom-filename \"openweathermap.kfinteractive.atom\" \\\n--docset-feed-url \"http://docs.kf-interactive.com/owm/%DOCSETATOMFILENAME\" \\\n--docset-package-url \"http://docs.kf-interactive.com/owm/%DOCSETPACKAGEFILENAME\" \\\n--docset-fallback-url \"http://docs.kf-interactive.com/owm\" \\\n--no-install-docset \\\n--output \"docs\" \\\n--publish-docset \\\n--logformat xcode \\\n--keep-undocumented-objects \\\n--keep-undocumented-members \\\n--keep-intermediate-files \\\n--no-repeat-first-par \\\n--no-warn-invalid-crossref \\\n--merge-categories \\\n--ignore \"*.m\" \\\n--ignore Pods \\\n--ignore Frameworks \\\n\"${PROJECT_DIR}/KFOpenWeatherMapAPI/Source\"";
		};
		386E4F29B04A433E93F56351 /* Check Pods Manifest.lock */ = {
			isa = PBXShellScriptBuildPhase;
			buildActionMask = 2147483647;
			files = (
			);
			inputPaths = (
			);
			name = "Check Pods Manifest.lock";
			outputPaths = (
			);
			runOnlyForDeploymentPostprocessing = 0;
			shellPath = /bin/sh;
			shellScript = "diff \"${PODS_ROOT}/../Podfile.lock\" \"${PODS_ROOT}/Manifest.lock\" > /dev/null\nif [[ $? != 0 ]] ; then\n    cat << EOM\nerror: The sandbox is not in sync with the Podfile.lock. Run 'pod install' or update your CocoaPods installation.\nEOM\n    exit 1\nfi\n";
			showEnvVarsInLog = 0;
		};
		9B84F438689843838BF0921F /* Check Pods Manifest.lock */ = {
			isa = PBXShellScriptBuildPhase;
			buildActionMask = 2147483647;
			files = (
			);
			inputPaths = (
			);
			name = "Check Pods Manifest.lock";
			outputPaths = (
			);
			runOnlyForDeploymentPostprocessing = 0;
			shellPath = /bin/sh;
			shellScript = "diff \"${PODS_ROOT}/../Podfile.lock\" \"${PODS_ROOT}/Manifest.lock\" > /dev/null\nif [[ $? != 0 ]] ; then\n    cat << EOM\nerror: The sandbox is not in sync with the Podfile.lock. Run 'pod install' or update your CocoaPods installation.\nEOM\n    exit 1\nfi\n";
			showEnvVarsInLog = 0;
		};
		BBD099DB33244D5EAF8BEACD /* Copy Pods Resources */ = {
			isa = PBXShellScriptBuildPhase;
			buildActionMask = 2147483647;
			files = (
			);
			inputPaths = (
			);
			name = "Copy Pods Resources";
			outputPaths = (
			);
			runOnlyForDeploymentPostprocessing = 0;
			shellPath = /bin/sh;
			shellScript = "\"${SRCROOT}/Pods/Pods-OSXExample-resources.sh\"\n";
			showEnvVarsInLog = 0;
		};
		E1D99A861D984E0AA4888EEB /* Copy Pods Resources */ = {
			isa = PBXShellScriptBuildPhase;
			buildActionMask = 2147483647;
			files = (
			);
			inputPaths = (
			);
			name = "Copy Pods Resources";
			outputPaths = (
			);
			runOnlyForDeploymentPostprocessing = 0;
			shellPath = /bin/sh;
			shellScript = "\"${SRCROOT}/Pods/Pods-KFOpenWeatherMapAPI-resources.sh\"\n";
			showEnvVarsInLog = 0;
		};
/* End PBXShellScriptBuildPhase section */

/* Begin PBXSourcesBuildPhase section */
		1DB4E0B817B66904002AA933 /* Sources */ = {
			isa = PBXSourcesBuildPhase;
			buildActionMask = 2147483647;
			files = (
				1DB4E0CC17B66904002AA933 /* main.m in Sources */,
				1DB4E0D017B66904002AA933 /* KFAppDelegate.m in Sources */,
				1DB4E0DC17B66904002AA933 /* KFViewController.m in Sources */,
				1DB4E0E517B69DA5002AA933 /* KFOpenWeatherMapAPIClient.m in Sources */,
				1DB4E0E917B6E125002AA933 /* KFOWMWeatherResponseModel.m in Sources */,
				1DB4E0ED17B6E3D3002AA933 /* JSONValueTransformer+Timestamp.m in Sources */,
				1DB4E0F017B6E5BC002AA933 /* KFOWMMainWeatherModel.m in Sources */,
				1DB4E0F317B6E6D1002AA933 /* KFOWMWindModel.m in Sources */,
				1DB4E0F617B77EB7002AA933 /* KFOWMWeatherModel.m in Sources */,
				1DB4E0F917B782C4002AA933 /* KFOWMSystemModel.m in Sources */,
				1DB4E0FC17B78462002AA933 /* KFOWMCloudModel.m in Sources */,
				1DB4E10217B78CCF002AA933 /* KFOWMCoordinateModel.m in Sources */,
				1DB4E10717B79705002AA933 /* KFOWMForecastResponseModel.m in Sources */,
				1DB4E10A17B79851002AA933 /* KFOWMCityModel.m in Sources */,
				1DB4E10D17B79B90002AA933 /* KFOWMForecastListModel.m in Sources */,
				1DB4E11317B7B3ED002AA933 /* KFOWMDailyForecastResponseModel.m in Sources */,
				1DB4E11617B7B46C002AA933 /* KFOWMDailyForecastListModel.m in Sources */,
				1DB4E11917B7C136002AA933 /* KFOWMForecastTemperatureModel.m in Sources */,
				1DB4E11C17B8C1F8002AA933 /* KFOWMSearchResponseModel.m in Sources */,
				1DDCD7C717BC265300154229 /* KFOWMRainModel.m in Sources */,
			);
			runOnlyForDeploymentPostprocessing = 0;
		};
		1DDCD7FF17BD638D00154229 /* Sources */ = {
			isa = PBXSourcesBuildPhase;
			buildActionMask = 2147483647;
			files = (
				1DDCD81117BD638D00154229 /* main.m in Sources */,
				1DDCD81817BD638D00154229 /* KFOSXAppDelegate.m in Sources */,
				1DFA3FD217BD654700A3D8E1 /* KFOpenWeatherMapAPIClient.m in Sources */,
				1DFA3FD317BD655400A3D8E1 /* JSONValueTransformer+Timestamp.m in Sources */,
				1DFA3FD417BD655C00A3D8E1 /* KFOWMDailyForecastResponseModel.m in Sources */,
				1DFA3FD517BD655C00A3D8E1 /* KFOWMForecastResponseModel.m in Sources */,
				1DFA3FD617BD655C00A3D8E1 /* KFOWMWeatherResponseModel.m in Sources */,
				1DFA3FD717BD655C00A3D8E1 /* KFOWMSearchResponseModel.m in Sources */,
				1DFA3FD817BD656D00A3D8E1 /* KFOWMCityModel.m in Sources */,
				1DFA3FD917BD656D00A3D8E1 /* KFOWMCloudModel.m in Sources */,
				1DFA3FDA17BD656D00A3D8E1 /* KFOWMCoordinateModel.m in Sources */,
				1DFA3FDB17BD656D00A3D8E1 /* KFOWMDailyForecastListModel.m in Sources */,
				1DFA3FDC17BD656D00A3D8E1 /* KFOWMForecastListModel.m in Sources */,
				1DFA3FDD17BD656D00A3D8E1 /* KFOWMForecastTemperatureModel.m in Sources */,
				1DFA3FDE17BD656D00A3D8E1 /* KFOWMMainWeatherModel.m in Sources */,
				1DFA3FDF17BD656D00A3D8E1 /* KFOWMRainModel.m in Sources */,
				1DFA3FE017BD656D00A3D8E1 /* KFOWMSystemModel.m in Sources */,
				1DFA3FE117BD656D00A3D8E1 /* KFOWMWeatherModel.m in Sources */,
				1DFA3FE217BD656D00A3D8E1 /* KFOWMWindModel.m in Sources */,
			);
			runOnlyForDeploymentPostprocessing = 0;
		};
/* End PBXSourcesBuildPhase section */

/* Begin PBXVariantGroup section */
		1DB4E0C817B66904002AA933 /* InfoPlist.strings */ = {
			isa = PBXVariantGroup;
			children = (
				1DB4E0C917B66904002AA933 /* en */,
			);
			name = InfoPlist.strings;
			sourceTree = "<group>";
		};
		1DB4E0D717B66904002AA933 /* MainStoryboard.storyboard */ = {
			isa = PBXVariantGroup;
			children = (
				1DB4E0D817B66904002AA933 /* en */,
			);
			name = MainStoryboard.storyboard;
			sourceTree = "<group>";
		};
		1DDCD80D17BD638D00154229 /* InfoPlist.strings */ = {
			isa = PBXVariantGroup;
			children = (
				1DDCD80E17BD638D00154229 /* en */,
			);
			name = InfoPlist.strings;
			sourceTree = "<group>";
		};
		1DDCD81317BD638D00154229 /* Credits.rtf */ = {
			isa = PBXVariantGroup;
			children = (
				1DDCD81417BD638D00154229 /* en */,
			);
			name = Credits.rtf;
			sourceTree = "<group>";
		};
		1DDCD81917BD638D00154229 /* MainMenu.xib */ = {
			isa = PBXVariantGroup;
			children = (
				1DDCD81A17BD638D00154229 /* en */,
			);
			name = MainMenu.xib;
			sourceTree = "<group>";
		};
/* End PBXVariantGroup section */

/* Begin XCBuildConfiguration section */
		1DB4E0DD17B66904002AA933 /* Debug */ = {
			isa = XCBuildConfiguration;
			buildSettings = {
				ALWAYS_SEARCH_USER_PATHS = NO;
				CLANG_CXX_LANGUAGE_STANDARD = "gnu++0x";
				CLANG_CXX_LIBRARY = "libc++";
				CLANG_ENABLE_OBJC_ARC = YES;
				CLANG_WARN_CONSTANT_CONVERSION = YES;
				CLANG_WARN_EMPTY_BODY = YES;
				CLANG_WARN_ENUM_CONVERSION = YES;
				CLANG_WARN_INT_CONVERSION = YES;
				CLANG_WARN__DUPLICATE_METHOD_MATCH = YES;
				"CODE_SIGN_IDENTITY[sdk=iphoneos*]" = "iPhone Developer";
				COPY_PHASE_STRIP = NO;
				GCC_C_LANGUAGE_STANDARD = gnu99;
				GCC_DYNAMIC_NO_PIC = NO;
				GCC_OPTIMIZATION_LEVEL = 0;
				GCC_PREPROCESSOR_DEFINITIONS = (
					"DEBUG=1",
					"$(inherited)",
				);
				GCC_SYMBOLS_PRIVATE_EXTERN = NO;
				GCC_WARN_ABOUT_RETURN_TYPE = YES;
				GCC_WARN_UNINITIALIZED_AUTOS = YES;
				GCC_WARN_UNUSED_VARIABLE = YES;
				IPHONEOS_DEPLOYMENT_TARGET = 6.1;
				ONLY_ACTIVE_ARCH = YES;
				SDKROOT = iphoneos;
			};
			name = Debug;
		};
		1DB4E0DE17B66904002AA933 /* Release */ = {
			isa = XCBuildConfiguration;
			buildSettings = {
				ALWAYS_SEARCH_USER_PATHS = NO;
				CLANG_CXX_LANGUAGE_STANDARD = "gnu++0x";
				CLANG_CXX_LIBRARY = "libc++";
				CLANG_ENABLE_OBJC_ARC = YES;
				CLANG_WARN_CONSTANT_CONVERSION = YES;
				CLANG_WARN_EMPTY_BODY = YES;
				CLANG_WARN_ENUM_CONVERSION = YES;
				CLANG_WARN_INT_CONVERSION = YES;
				CLANG_WARN__DUPLICATE_METHOD_MATCH = YES;
				"CODE_SIGN_IDENTITY[sdk=iphoneos*]" = "iPhone Developer";
				COPY_PHASE_STRIP = YES;
				GCC_C_LANGUAGE_STANDARD = gnu99;
				GCC_WARN_ABOUT_RETURN_TYPE = YES;
				GCC_WARN_UNINITIALIZED_AUTOS = YES;
				GCC_WARN_UNUSED_VARIABLE = YES;
				IPHONEOS_DEPLOYMENT_TARGET = 6.1;
				OTHER_CFLAGS = "-DNS_BLOCK_ASSERTIONS=1";
				SDKROOT = iphoneos;
				VALIDATE_PRODUCT = YES;
			};
			name = Release;
		};
		1DB4E0E017B66904002AA933 /* Debug */ = {
			isa = XCBuildConfiguration;
			baseConfigurationReference = B1478C8936CD49C4BA4D66FF /* Pods-KFOpenWeatherMapAPI.xcconfig */;
			buildSettings = {
				GCC_PRECOMPILE_PREFIX_HEADER = YES;
				GCC_PREFIX_HEADER = "KFOpenWeatherMapAPI/KFOpenWeatherMapAPI-Prefix.pch";
				INFOPLIST_FILE = "KFOpenWeatherMapAPI/KFOpenWeatherMapAPI-Info.plist";
				PRODUCT_NAME = "$(TARGET_NAME)";
				WRAPPER_EXTENSION = app;
			};
			name = Debug;
		};
		1DB4E0E117B66904002AA933 /* Release */ = {
			isa = XCBuildConfiguration;
			baseConfigurationReference = B1478C8936CD49C4BA4D66FF /* Pods-KFOpenWeatherMapAPI.xcconfig */;
			buildSettings = {
				GCC_PRECOMPILE_PREFIX_HEADER = YES;
				GCC_PREFIX_HEADER = "KFOpenWeatherMapAPI/KFOpenWeatherMapAPI-Prefix.pch";
				INFOPLIST_FILE = "KFOpenWeatherMapAPI/KFOpenWeatherMapAPI-Info.plist";
				PRODUCT_NAME = "$(TARGET_NAME)";
				WRAPPER_EXTENSION = app;
			};
			name = Release;
		};
		1DDCD81C17BD638D00154229 /* Debug */ = {
			isa = XCBuildConfiguration;
			baseConfigurationReference = B96B43EDEAA14DFAA1D74AC4 /* Pods-OSXExample.xcconfig */;
			buildSettings = {
				ARCHS = "$(ARCHS_STANDARD_64_BIT)";
				COMBINE_HIDPI_IMAGES = YES;
				FRAMEWORK_SEARCH_PATHS = (
					"$(inherited)",
					"\"$(SYSTEM_APPS_DIR)/Xcode.app/Contents/Developer/Library/Frameworks\"",
				);
				GCC_ENABLE_OBJC_EXCEPTIONS = YES;
				GCC_PRECOMPILE_PREFIX_HEADER = YES;
				GCC_PREFIX_HEADER = "OSXExample/OSXExample-Prefix.pch";
				GCC_WARN_64_TO_32_BIT_CONVERSION = YES;
				INFOPLIST_FILE = "OSXExample/OSXExample-Info.plist";
				MACOSX_DEPLOYMENT_TARGET = 10.9;
				PRODUCT_NAME = "$(TARGET_NAME)";
				SDKROOT = macosx;
				WRAPPER_EXTENSION = app;
			};
			name = Debug;
		};
		1DDCD81D17BD638D00154229 /* Release */ = {
			isa = XCBuildConfiguration;
			baseConfigurationReference = B96B43EDEAA14DFAA1D74AC4 /* Pods-OSXExample.xcconfig */;
			buildSettings = {
				ARCHS = "$(ARCHS_STANDARD_64_BIT)";
				COMBINE_HIDPI_IMAGES = YES;
				DEBUG_INFORMATION_FORMAT = "dwarf-with-dsym";
				FRAMEWORK_SEARCH_PATHS = (
					"$(inherited)",
					"\"$(SYSTEM_APPS_DIR)/Xcode.app/Contents/Developer/Library/Frameworks\"",
				);
				GCC_ENABLE_OBJC_EXCEPTIONS = YES;
				GCC_PRECOMPILE_PREFIX_HEADER = YES;
				GCC_PREFIX_HEADER = "OSXExample/OSXExample-Prefix.pch";
				GCC_WARN_64_TO_32_BIT_CONVERSION = YES;
				INFOPLIST_FILE = "OSXExample/OSXExample-Info.plist";
				MACOSX_DEPLOYMENT_TARGET = 10.9;
				PRODUCT_NAME = "$(TARGET_NAME)";
				SDKROOT = macosx;
				WRAPPER_EXTENSION = app;
			};
			name = Release;
		};
		1DEB50AC17B8F0D0000495AC /* Debug */ = {
			isa = XCBuildConfiguration;
			buildSettings = {
				PRODUCT_NAME = "$(TARGET_NAME)";
			};
			name = Debug;
		};
		1DEB50AD17B8F0D0000495AC /* Release */ = {
			isa = XCBuildConfiguration;
			buildSettings = {
				PRODUCT_NAME = "$(TARGET_NAME)";
			};
			name = Release;
		};
/* End XCBuildConfiguration section */

/* Begin XCConfigurationList section */
		1DB4E0B717B66904002AA933 /* Build configuration list for PBXProject "KFOpenWeatherMapAPI" */ = {
			isa = XCConfigurationList;
			buildConfigurations = (
				1DB4E0DD17B66904002AA933 /* Debug */,
				1DB4E0DE17B66904002AA933 /* Release */,
			);
			defaultConfigurationIsVisible = 0;
			defaultConfigurationName = Release;
		};
		1DB4E0DF17B66904002AA933 /* Build configuration list for PBXNativeTarget "KFOpenWeatherMapAPI" */ = {
			isa = XCConfigurationList;
			buildConfigurations = (
				1DB4E0E017B66904002AA933 /* Debug */,
				1DB4E0E117B66904002AA933 /* Release */,
			);
			defaultConfigurationIsVisible = 0;
			defaultConfigurationName = Release;
		};
		1DDCD81E17BD638D00154229 /* Build configuration list for PBXNativeTarget "OSXExample" */ = {
			isa = XCConfigurationList;
			buildConfigurations = (
				1DDCD81C17BD638D00154229 /* Debug */,
				1DDCD81D17BD638D00154229 /* Release */,
			);
			defaultConfigurationIsVisible = 0;
			defaultConfigurationName = Release;
		};
		1DEB50AB17B8F0D0000495AC /* Build configuration list for PBXAggregateTarget "Documentation" */ = {
			isa = XCConfigurationList;
			buildConfigurations = (
				1DEB50AC17B8F0D0000495AC /* Debug */,
				1DEB50AD17B8F0D0000495AC /* Release */,
			);
			defaultConfigurationIsVisible = 0;
			defaultConfigurationName = Release;
		};
/* End XCConfigurationList section */
	};
	rootObject = 1DB4E0B417B66904002AA933 /* Project object */;
}
